
Microsoft Visual Studio Solution File, Format Version 12.00
# Visual Studio Version 17
VisualStudioVersion = 17.11.35312.102
MinimumVisualStudioVersion = 10.0.40219.1
Project("{FAE04EC0-301F-11D3-BF4B-00C04F79EFBC}") = "Tasks.Server", "Tasks.Server\Tasks.Server.csproj", "{B0371986-4902-44C2-AAD2-10BA3A69710D}"
EndProject
Project("{54A90642-561A-4BB1-A94E-469ADEE60C69}") = "tasks.client", "tasks.client\tasks.client.esproj", "{5B76F0FC-648B-44E1-B648-4047ADD663E3}"
EndProject
Global
	GlobalSection(SolutionConfigurationPlatforms) = preSolution
		Debug|Any CPU = Debug|Any CPU
		Release|Any CPU = Release|Any CPU
	EndGlobalSection
	GlobalSection(ProjectConfigurationPlatforms) = postSolution
		{B0371986-4902-44C2-AAD2-10BA3A69710D}.Debug|Any CPU.ActiveCfg = Debug|Any CPU
		{B0371986-4902-44C2-AAD2-10BA3A69710D}.Debug|Any CPU.Build.0 = Debug|Any CPU
		{B0371986-4902-44C2-AAD2-10BA3A69710D}.Release|Any CPU.ActiveCfg = Release|Any CPU
		{B0371986-4902-44C2-AAD2-10BA3A69710D}.Release|Any CPU.Build.0 = Release|Any CPU
		{5B76F0FC-648B-44E1-B648-4047ADD663E3}.Debug|Any CPU.ActiveCfg = Debug|Any CPU
		{5B76F0FC-648B-44E1-B648-4047ADD663E3}.Debug|Any CPU.Build.0 = Debug|Any CPU
		{5B76F0FC-648B-44E1-B648-4047ADD663E3}.Debug|Any CPU.Deploy.0 = Debug|Any CPU
		{5B76F0FC-648B-44E1-B648-4047ADD663E3}.Release|Any CPU.ActiveCfg = Release|Any CPU
		{5B76F0FC-648B-44E1-B648-4047ADD663E3}.Release|Any CPU.Build.0 = Release|Any CPU
		{5B76F0FC-648B-44E1-B648-4047ADD663E3}.Release|Any CPU.Deploy.0 = Release|Any CPU
	EndGlobalSection
	GlobalSection(SolutionProperties) = preSolution
		HideSolutionNode = FALSE
	EndGlobalSection
	GlobalSection(ExtensibilityGlobals) = postSolution
		SolutionGuid = {9F387547-D73C-47AF-8EDD-54072274F6C8}
	EndGlobalSection
EndGlobal
